{
    "_meta": {
        "hash": {
            "sha256": "13bc66d431730b4c3fab58ae58e1568a53553a5f176263c91d037f252e461a08"
        },
        "pipfile-spec": 6,
        "requires": {
            "python_version": "3.9"
        },
        "sources": [
            {
                "name": "pypi",
                "url": "https://pypi.org/simple",
                "verify_ssl": true
            }
        ]
    },
    "default": {
        "amqp": {
            "hashes": [
                "sha256:43b3319e1b4e7d1251833a93d672b4af1e40f3d632d479b98661a95f117880a2",
                "sha256:cddc00c725449522023bad949f70fff7b48f0b1ade74d170a6f10ab044739432"
            ],
            "markers": "python_version >= '3.6'",
            "version": "==5.3.1"
        },
        "asgiref": {
            "hashes": [
                "sha256:3e1e3ecc849832fe52ccf2cb6686b7a55f82bb1d6aee72a58826471390335e47",
                "sha256:c343bd80a0bec947a9860adb4c432ffa7db769836c64238fc34bdc3fec84d590"
            ],
            "markers": "python_version >= '3.8'",
            "version": "==3.8.1"
        },
        "async-timeout": {
            "hashes": [
                "sha256:39e3809566ff85354557ec2398b55e096c8364bacac9405a7a1fa429e77fe76c",
                "sha256:d9321a7a3d5a6a5e187e824d2fa0793ce379a202935782d555d6e9d2735677d3"
            ],
            "markers": "python_full_version < '3.11.3'",
            "version": "==5.0.1"
        },
        "billiard": {
            "hashes": [
                "sha256:525b42bdec68d2b983347ac312f892db930858495db601b5836ac24e6477cde5",
                "sha256:55f542c371209e03cd5862299b74e52e4fbcba8250ba611ad94276b369b6a85f"
            ],
            "markers": "python_version >= '3.7'",
            "version": "==4.2.4"
        },
        "celery": {
            "hashes": [
                "sha256:3ffafacbe056951b629c7abcf9064c4a2366de0bdfc9fdba421b97ebb68619a5",
                "sha256:4a8921c3fcf2ad76317d3b29020772103581ed2454c4c042cc55dcc43585009b"
            ],
            "index": "pypi",
            "markers": "python_version >= '3.9'",
            "version": "==5.6.2"
        },
        "click": {
            "hashes": [
                "sha256:63c132bbbed01578a06712a2d1f497bb62d9c1c0d329b7903a866228027263b2",
                "sha256:ed53c9d8990d83c2a27deae68e4ee337473f6330c040a31d4225c9574d16096a"
            ],
            "markers": "python_version >= '3.7'",
            "version": "==8.1.8"
        },
        "click-didyoumean": {
            "hashes": [
                "sha256:4f82fdff0dbe64ef8ab2279bd6aa3f6a99c3b28c05aa09cbfc07c9d7fbb5a463",
                "sha256:5c4bb6007cfea5f2fd6583a2fb6701a22a41eb98957e63d0fac41c10e7c3117c"
            ],
            "markers": "python_full_version >= '3.6.2'",
            "version": "==0.3.1"
        },
        "click-plugins": {
            "hashes": [
                "sha256:008d65743833ffc1f5417bf0e78e8d2c23aab04d9745ba817bd3e71b0feb6aa6",
                "sha256:d7af3984a99d243c131aa1a828331e7630f4a88a9741fd05c927b204bcf92261"
            ],
            "version": "==1.1.1.2"
        },
        "click-repl": {
            "hashes": [
                "sha256:17849c23dba3d667247dc4defe1757fff98694e90fe37474f3feebb69ced26a9",
                "sha256:fb7e06deb8da8de86180a33a9da97ac316751c094c6899382da7feeeeb51b812"
            ],
            "markers": "python_version >= '3.6'",
            "version": "==0.3.0"
        },
        "colorama": {
            "hashes": [
                "sha256:08695f5cb7ed6e0531a20572697297273c47b8cae5a63ffc6d6ed5c201be6e44",
                "sha256:4f1d9991f5acc0ca119f9d443620b77f9d6b33703e51011c16baf57afb285fc6"
            ],
            "markers": "platform_system == 'Windows'",
            "version": "==0.4.6"
        },
        "django": {
            "hashes": [
                "sha256:213381b6e4405f5c8703fffc29cd719efdf189dec60c67c04f76272b3dc845b9",
                "sha256:92bac5b4432a64532abb73b2ac27203f485e40225d2640a7fbef2b62b876e789"
            ],
            "index": "pypi",
            "markers": "python_version >= '3.8'",
            "version": "==4.2.20"
        },
        "django-tenants": {
            "hashes": [
                "sha256:3836a2bae2c88504889a3226525930dfac8d3621f577cefdfde03db8115e88ac"
            ],
            "index": "pypi",
            "version": "==3.7.0"
        },
        "exceptiongroup": {
            "hashes": [
                "sha256:8b412432c6055b0b7d14c310000ae93352ed6754f70fa8f7c34141f91c4e3219",
                "sha256:a7a39a3bd276781e98394987d3a5701d0c4edffb633bb7a5144577f82c773598"
            ],
            "markers": "python_version < '3.11'",
            "version": "==1.3.1"
        },
        "factory-boy": {
            "hashes": [
                "sha256:1c39e3289f7e667c4285433f305f8d506efc2fe9c73aaea4151ebd5cdea394fc",
                "sha256:866862d226128dfac7f2b4160287e899daf54f2612778327dd03d0e2cb1e3d03"
            ],
            "index": "pypi",
            "markers": "python_version >= '3.8'",
            "version": "==3.3.3"
        },
        "faker": {
            "hashes": [
                "sha256:7505e59a7e02fa9010f06c3e1e92f8250d4cfbb30632296140c2d6dbef09b0fa",
                "sha256:afe7ccc038da92f2fbae30d8e16d19d91e92e242f8401ce9caf44de892bab4c4"
            ],
            "markers": "python_version >= '3.9'",
            "version": "==37.12.0"
        },
        "kombu": {
            "hashes": [
                "sha256:8060497058066c6f5aed7c26d7cd0d3b574990b09de842a8c5aaed0b92cc5a55",
                "sha256:efcfc559da324d41d61ca311b0c64965ea35b4c55cc04ee36e55386145dace93"
            ],
            "markers": "python_version >= '3.9'",
            "version": "==5.6.2"
        },
        "packaging": {
            "hashes": [
                "sha256:29572ef2b1f17581046b3a2227d5c611fb25ec70ca1ba8554b24b0e69331a484",
                "sha256:d443872c98d677bf60f6a1f2f8c1cb748e8fe762d2bf9d3148b5599295b0fc4f"
            ],
            "markers": "python_version >= '3.8'",
            "version": "==25.0"
        },
        "prompt-toolkit": {
            "hashes": [
                "sha256:28cde192929c8e7321de85de1ddbe736f1375148b02f2e17edd840042b1be855",
                "sha256:9aac639a3bbd33284347de5ad8d68ecc044b91a762dc39b7c21095fcd6a19955"
            ],
            "markers": "python_version >= '3.8'",
            "version": "==3.0.52"
        },
        "psycopg": {
            "extras": [
                "binary"
            ],
            "hashes": [
                "sha256:16fa094efa2698f260f2af74f3710f781e4a6f226efe9d1fd0c37f384639ed8a",
                "sha256:f3ff5488525890abb0566c429146add66b329e20d6d4835662b920cbbf90ac58"
            ],
            "markers": "python_version >= '3.8'",
            "version": "==3.2.6"
        },
        "psycopg-binary": {
            "hashes": [
                "sha256:030e9c3082a931e972b029b3cef085784a3bf7f8e18367ae50d5b809aa6e1d87",
                "sha256:05560c81312d7c2bee95a9860cd25198677f2320fb4a3527bc04e8cae7fcfb64",
                "sha256:0690ac1061c655b1bcbe9284d07bf5276bc9c0d788a6c74aaf3b042e64984b83",
                "sha256:0f4699fa5fe1fffb0d6b2d14b31fd8c29b7ea7375f89d5989f002aaf21728b21",
                "sha256:1b5c359173726b38d7acbb9f73270f269591d8031d099c1a70dd3f3d22b0e8a8",
                "sha256:1b639acb3e24243c23f75700bf6e3af7b76da92523ec7c3196a13aaf0b578453",
                "sha256:1b7e3ccc43c395edba8039c9e407b01ed1844304c7f2f4aa99d34d04ed067c83",
                "sha256:1e2efb763188008cf2914820dcb9fb23c10fe2be0d2c97ef0fac7cec28e281d8",
                "sha256:260c43c329e668606388cee78ec0dab083a25c2c6e6f9cf74a130fd5a27b0f87",
                "sha256:274794b4b29ef426e09086404446b61a146f5e756da71366c5a6d57abec31f7d",
                "sha256:28505f52ceef60554b5ab3289bf5aed2e7e57fa8e9a59a979d82db944e256a6c",
                "sha256:2e0f4a17a9c376c195e403b4826c18f325bd28f425231d36d1036258bf893e23",
                "sha256:2e118d818101c1608c6b5ba52a6c977614d8f05aa89467501172ba4d10588e11",
                "sha256:2fbc05819560389dbece046966bc88e0f2ea77673497e274c4293b8b4c1d0703",
                "sha256:3434efe7c00f505f4c1e531519dac6c701df738ba7a1328eac81118d80019132",
                "sha256:34bb0fceba0773dc0bfb53224bb2c0b19dc97ea0a997a223615484cf02cae55c",
                "sha256:36f598300b55b3c983ae8df06473ad27333d2fd9f3e2cfdb913b3a5aaa3a8bcf",
                "sha256:3761c4107dab218c32ce4b10b1ae5ed686d41b882bfcb05f5bebc2be9488442f",
                "sha256:3c0cddc7458b8416d77cd8829d0192466502f31d1fb853d58613cf13ac64f41c",
                "sha256:4269cd23a485d6dd6eb6b10841c94551a53091cf0b1b6d5247a6a341f53f0d95",
                "sha256:45f1526e12cb480586c74670f46563d3090fc2a93e859ccf71efae61f04cef4b",
                "sha256:4b3aab3451679f1e7932270e950259ed48c3b79390022d3f660491c0e65e4838",
                "sha256:532322d9ef6e7d178a4f344970b017110633bcc3dc1c3403efcef55aad612517",
                "sha256:54120122d2779dcd307f49e1f921d757fe5dacdced27deab37f277eef0c52a5b",
                "sha256:54af3fbf871baa2eb19df96fd7dc0cbd88e628a692063c3d1ab5cdd00aa04322",
                "sha256:55fa40f11d37e6e5149a282a5fd7e0734ce55c623673bfba638480914fd1414c",
                "sha256:566d4ace928419d91f1eb3227fc9ef7b41cf0ad22e93dd2c3368d693cf144408",
                "sha256:58d5cfb1687b69b3484a034d1aa6e5c11f0c1d46757e978ed59fab59ce83fd37",
                "sha256:58f443b4df2adb59937c96775fadf4967f93d952fbcc82394446985faec11041",
                "sha256:5a57f99bb953b4bd6f32d0a9844664e7f6ca5ead9ba40e96635be3cd30794813",
                "sha256:5de6809e19a465dcb9c269675bded46a135f2d600cd99f0735afbb21ddad2af4",
                "sha256:66c3bed2caf0d1cabcb9365064de183b5209a7cbeaa131e79e68f350c9c963c2",
                "sha256:69845bdc0db519e1dfc27932cd3d5b1ecb3f72950af52a1987508ab0b52b3b55",
                "sha256:6c5172ce3e4ae7a4fd450070210f801e2ce6bc0f11d1208d29268deb0cda34de",
                "sha256:763319a8bfeca77d31512da71f5a33459b9568a7621c481c3828c62f9c38f351",
                "sha256:7942f35a6f314608720116bcd9de240110ceadffd2ac5c34f68f74a31e52e46a",
                "sha256:7adf1460c05f7366f0fe9cf2d24e46abca9eb621705322bbd0c3f3e3a5edb2b4",
                "sha256:7afe181f6b3eb714362e9b6a2dc2a589bff60471a1d8639fd231a4e426e01523",
                "sha256:816aa556f63b2303e66ba6c8888a8b3f3e6e4e47049ec7a4d62c84ac60b091ca",
                "sha256:849a370ac4e125f55f2ad37f928e588291a67ccf91fa33d0b1e042bb3ee1f986",
                "sha256:880c5fd76dcb50bdcc8f87359e5a6c7eb416697cc9aa02854c91223bd999c045",
                "sha256:8d55405efc8a96aa0ecb2d5d6af552d35c744f160b133fa690814a68d9a952c8",
                "sha256:8fa1c920cce16f1205f37b20c685c58b9656b170b8b4c93629100d342d0d118e",
                "sha256:9870e51fad4684dbdec057fa757d65e61cb2acb16236836e9360044c2a1ec880",
                "sha256:9bca8d9643191b13193940bbf84d51ac5a747e965c230177258fb02b8043fb7a",
                "sha256:ac46da609624b16d961f604b3cbc3233ef43211ef1456a188f8c427109c9c3e1",
                "sha256:ad5da1e4636776c21eaeacdec42f25fa4612631a12f25cd9ab34ddf2c346ffb9",
                "sha256:afe697b8b0071f497c5d4c0f41df9e038391534f5614f7fb3a8c1ca32d66e860",
                "sha256:b30ee4821ded7de48b8048b14952512588e7c5477b0a5965221e1798afba61a1",
                "sha256:b4d4fd4415d5219785fb082e28d84be4fbd90c3bff3d861877db0aa6b0edd70b",
                "sha256:b60c9ed291fbd5e777c2c630dcfd10b7a87d68512b0757d5e7406d9c4895a82a",
                "sha256:bcfab3804c43571a6615e559cdc4c4115785d258a4dd71a721be033f5f5f378d",
                "sha256:d19a0ba351eda9a59babf8c7c9d89c7bbc5b26bf096bc349b096bd0dd2482088",
                "sha256:d6e197e01290ef818a092c877025fc28096adbb6d0743e313491a21aab31bd96",
                "sha256:d6f2894cc7aee8a15fe591e8536911d9c015cb404432cf7bdac2797e54cb2ba8",
                "sha256:da5554553b8d9fb7ab6bb1a37cc53f20ada9024916c60f40c09ab1a675323f2f",
                "sha256:e3ae3201fe85c7f901349a2cf52f02ceca4cb97a5e2e2ac8b8a1c9a6eb747bed",
                "sha256:e57edf3b1f5427f39660225b01f8e7b97f5cfab132092f014bf1638bc85d81d2",
                "sha256:e77949b8e7014b85cee0bf6e9e041bcae7719b2693ebf59236368fb0b2a08814",
                "sha256:e9a4a9967ff650d2821d5fad6bec7b15f4c2072603e9fa3f89a39f351ade1fd3",
                "sha256:ea158665676f42b19585dfe948071d3c5f28276f84a97522fb2e82c1d9194563",
                "sha256:eb8a1e6b8130fee0b48107739e09553d50c6f031d0b3fcc33f885bb64fa01105",
                "sha256:f1981f13b10de2f11cfa2f99a8738b35b3f0a0f3075861446894a8d3042430c0",
                "sha256:f27a46ff0497e882e8c0286e8833c785b4d1a80f23e1bf606f4c90e5f9f3ce75",
                "sha256:f7956b9ea56f79cd86eddcfbfc65ae2af1e4fe7932fa400755005d903c709370"
            ],
            "version": "==3.2.6"
        },
        "python-dateutil": {
            "hashes": [
                "sha256:37dd54208da7e1cd875388217d5e00ebd4179249f90fb72437e91a35459a0ad3",
                "sha256:a8b2bc7bffae282281c8140a97d3aa9c14da0b136dfe83f850eea9a5f7470427"
            ],
            "markers": "python_version >= '2.7' and python_version not in '3.0, 3.1, 3.2'",
            "version": "==2.9.0.post0"
        },
        "python-dotenv": {
            "hashes": [
                "sha256:e324ee90a023d808f1959c46bcbc04446a10ced277783dc6ee09987c37ec10ca",
                "sha256:f7b63ef50f1b690dddf550d03497b66d609393b40b564ed0d674909a68ebf16a"
            ],
            "index": "pypi",
            "markers": "python_version >= '3.8'",
            "version": "==1.0.1"
        },
        "redis": {
            "hashes": [
                "sha256:16f2e22dff21d5125e8481515e386711a34cbec50f0e44413dd7d9c060a54e0f",
                "sha256:ee7e1056b9aea0f04c6c2ed59452947f34c4940ee025f5dd83e6a6418b6989e4"
            ],
            "index": "pypi",
            "markers": "python_version >= '3.8'",
            "version": "==5.2.1"
        },
        "six": {
            "hashes": [
                "sha256:4721f391ed90541fddacab5acf947aa0d3dc7d27b2e1e8eda2be8970586c3274",
                "sha256:ff70335d468e7eb6ec65b95b99d3a2836546063f63acc5171de367e834932a81"
            ],
            "markers": "python_version >= '2.7' and python_version not in '3.0, 3.1, 3.2'",
            "version": "==1.17.0"
        },
        "sqlparse": {
            "hashes": [
                "sha256:09f67787f56a0b16ecdbde1bfc7f5d9c3371ca683cfeaa8e6ff60b4807ec9272",
                "sha256:cf2196ed3418f3ba5de6af7e82c694a9fbdbfecccdfc72e281548517081f16ca"
            ],
            "markers": "python_version >= '3.8'",
            "version": "==0.5.3"
        },
        "typing-extensions": {
            "hashes": [
                "sha256:0cea48d173cc12fa28ecabc3b837ea3cf6f38c6d1136f85cbaaf598984861466",
                "sha256:f0fa19c6845758ab08074a0cfa8b7aecb71c999ca73d62883bc25cc018c4e548"
            ],
            "markers": "python_version < '3.13'",
            "version": "==4.15.0"
        },
        "tzdata": {
            "hashes": [
                "sha256:06a47e5700f3081aab02b2e513160914ff0694bce9947d6b76ebd6bf57cfc5d1",
                "sha256:de39c2ca5dc7b0344f2eba86f49d614019d29f060fc4ebc8a417896a620b56a7"
            ],
            "markers": "sys_platform == 'win32'",
            "version": "==2025.3"
        },
        "tzlocal": {
            "hashes": [
                "sha256:cceffc7edecefea1f595541dbd6e990cb1ea3d19bf01b2809f362a03dd7921fd",
                "sha256:eb1a66c3ef5847adf7a834f1be0800581b683b5608e74f86ecbcef8ab91bb85d"
            ],
            "markers": "python_version >= '3.9'",
            "version": "==5.3.1"
        },
        "vine": {
            "hashes": [
                "sha256:40fdf3c48b2cfe1c38a49e9ae2da6fda88e4794c810050a728bd7413811fb1dc",
                "sha256:8b62e981d35c41049211cf62a0a1242d8c1ee9bd15bb196ce38aefd6799e61e0"
            ],
            "markers": "python_version >= '3.6'",
            "version": "==5.1.0"
        },
        "wcwidth": {
            "hashes": [
                "sha256:4d478375d31bc5395a3c55c40ccdf3354688364cd61c4f6adacaa9215d0b3605",
                "sha256:a7bb560c8aee30f9957e5f9895805edd20602f2d7f720186dfd906e82b4982e1"
            ],
            "markers": "python_version >= '3.6'",
            "version": "==0.2.14"
        }
    },
    "develop": {
        "asgiref": {
            "hashes": [
                "sha256:13acff32519542a1736223fb79a715acdebe24286d98e8b164a73085f40da2c4",
                "sha256:1db9021efadb0d9512ce8ffaf72fcef601c7b73a8807a1bb2ef143dc6b14846d"
            ],
            "markers": "python_version >= '3.9'",
            "version": "==3.11.0"
        },
        "black": {
            "hashes": [
                "sha256:0a1d40348b6621cc20d3d7530a5b8d67e9714906dfd7346338249ad9c6cedf2b",
                "sha256:0c0f7c461df55cf32929b002335883946a4893d759f2df343389c4396f3b6b37",
                "sha256:1032639c90208c15711334d681de2e24821af0575573db2810b0763bcd62e0f0",
                "sha256:35690a383f22dd3e468c85dc4b915217f87667ad9cce781d7b42678ce63c4170",
                "sha256:43945853a31099c7c0ff8dface53b4de56c41294fa6783c0441a8b1d9bf668bc",
                "sha256:51c65d7d60bb25429ea2bf0731c32b2a2442eb4bd3b2afcb47830f0b13e58bfd",
                "sha256:5bd4a22a0b37401c8e492e994bce79e614f91b14d9ea911f44f36e262195fdda",
                "sha256:6cb2d54a39e0ef021d6c5eef442e10fd71fcb491be6413d083a320ee768329dd",
                "sha256:6cced12b747c4c76bc09b4db057c319d8545307266f41aaee665540bc0e04e96",
                "sha256:7eebd4744dfe92ef1ee349dc532defbf012a88b087bb7ddd688ff59a447b080e",
                "sha256:80e7486ad3535636657aa180ad32a7d67d7c273a80e12f1b4bfa0823d54e8fac",
                "sha256:895571922a35434a9d8ca67ef926da6bc9ad464522a5fe0db99b394ef1c0675a",
                "sha256:92285c37b93a1698dcbc34581867b480f1ba3a7b92acf1fe0467b04d7a4da0dc",
                "sha256:936c4dd07669269f40b497440159a221ee435e3fddcf668e0c05244a9be71993",
                "sha256:9815ccee1e55717fe9a4b924cae1646ef7f54e0f990da39a34fc7b264fcf80a2",
                "sha256:9a323ac32f5dc75ce7470501b887250be5005a01602e931a15e45593f70f6e08",
                "sha256:a3bb5ce32daa9ff0605d73b6f19da0b0e6c1f8f2d75594db539fdfed722f2b06",
                "sha256:aa211411e94fdf86519996b7f5f05e71ba34835d8f0c0f03c00a26271da02664",
                "sha256:ae263af2f496940438e5be1a0c1020e13b09154f3af4df0835ea7f9fe7bfa409",
                "sha256:cb4f4b65d717062191bdec8e4a442539a8ea065e6af1c4f4d36f0cdb5f71e170",
                "sha256:d81a44cbc7e4f73a9d6ae449ec2317ad81512d1e7dce7d57f6333fd6259737bc",
                "sha256:dae49ef7369c6caa1a1833fd5efb7c3024bb7e4499bf64833f65ad27791b1545",
                "sha256:e3f562da087791e96cefcd9dda058380a442ab322a02e222add53736451f604b",
                "sha256:ec311e22458eec32a807f029b2646f661e6859c3f61bc6d9ffb67958779f392e",
                "sha256:f42c0ea7f59994490f4dccd64e6b2dd49ac57c7c84f38b8faab50f8759db245c",
                "sha256:f9786c24d8e9bd5f20dc7a7f0cdd742644656987f6ea6947629306f937726c03"
            ],
            "index": "pypi",
            "markers": "python_version >= '3.9'",
            "version": "==25.11.0"
        },
        "click": {
            "hashes": [
                "sha256:63c132bbbed01578a06712a2d1f497bb62d9c1c0d329b7903a866228027263b2",
                "sha256:ed53c9d8990d83c2a27deae68e4ee337473f6330c040a31d4225c9574d16096a"
            ],
            "markers": "python_version >= '3.7'",
            "version": "==8.1.8"
        },
        "colorama": {
            "hashes": [
                "sha256:08695f5cb7ed6e0531a20572697297273c47b8cae5a63ffc6d6ed5c201be6e44",
                "sha256:4f1d9991f5acc0ca119f9d443620b77f9d6b33703e51011c16baf57afb285fc6"
            ],
            "markers": "platform_system == 'Windows'",
            "version": "==0.4.6"
        },
        "django": {
            "hashes": [
                "sha256:b865fbe0f4a3d1ee36594c5efa42b20db3c8bbb10dff0736face1c6e4bda5b92",
                "sha256:f393a394053713e7d213984555c5b7d3caeee78b2ccb729888a0774dff6c11a8"
            ],
            "markers": "python_version >= '3.8'",
            "version": "==4.2.27"
        },
        "django-silk": {
            "hashes": [
                "sha256:bedb17c8fd9c029a7746cb947864f5c9ea943ae33d6a9581e60f67c45e4490ad",
                "sha256:f7920ae91a34716654296140b2cbf449e9798237a0c6eb7cf2cd79c2cfb39321"
            ],
            "index": "pypi",
            "markers": "python_version >= '3.9'",
            "version": "==5.4.3"
        },
        "gprof2dot": {
            "hashes": [
                "sha256:0742e4c0b4409a5e8777e739388a11e1ed3750be86895655312ea7c20bd0090e",
                "sha256:35743e2d2ca027bf48fa7cba37021aaf4a27beeae1ae8e05a50b55f1f921a6ce"
            ],
            "markers": "python_version >= '3.8'",
            "version": "==2025.4.14"
        },
        "mypy-extensions": {
            "hashes": [
                "sha256:1be4cccdb0f2482337c4743e60421de3a356cd97508abadd57d47403e94f5505",
                "sha256:52e68efc3284861e772bbcd66823fde5ae21fd2fdb51c62a211403730b916558"
            ],
            "markers": "python_version >= '3.8'",
            "version": "==1.1.0"
        },
        "packaging": {
            "hashes": [
                "sha256:29572ef2b1f17581046b3a2227d5c611fb25ec70ca1ba8554b24b0e69331a484",
                "sha256:d443872c98d677bf60f6a1f2f8c1cb748e8fe762d2bf9d3148b5599295b0fc4f"
            ],
            "markers": "python_version >= '3.8'",
            "version": "==25.0"
        },
        "pathspec": {
            "hashes": [
                "sha256:bac5cf97ae2c2876e2d25ebb15078eb04d76e4b98921ee31c6f85ade8b59444d",
                "sha256:e80767021c1cc524aa3fb14bedda9c34406591343cc42797b386ce7b9354fb6c"
            ],
            "markers": "python_version >= '3.9'",
            "version": "==1.0.3"
        },
        "platformdirs": {
            "hashes": [
                "sha256:abd01743f24e5287cd7a5db3752faf1a2d65353f38ec26d98e25a6db65958c85",
                "sha256:ca753cf4d81dc309bc67b0ea38fd15dc97bc30ce419a7f58d13eb3bf14c4febf"
            ],
            "markers": "python_version >= '3.9'",
            "version": "==4.4.0"
        },
        "pytokens": {
            "hashes": [
                "sha256:2f932b14ed08de5fcf0b391ace2642f858f1394c0857202959000b68ed7a458a",
                "sha256:95b2b5eaf832e469d141a378872480ede3f251a5a5041b8ec6e581d3ac71bbf3"
            ],
            "markers": "python_version >= '3.8'",
            "version": "==0.3.0"
        },
        "sqlparse": {
            "hashes": [
                "sha256:12a08b3bf3eec877c519589833aed092e2444e68240a3577e8e26148acc7b1ba",
                "sha256:e20d4a9b0b8585fdf63b10d30066c7c94c5d7a7ec47c889a2d83a3caa93ff28e"
            ],
            "markers": "python_version >= '3.8'",
            "version": "==0.5.5"
        },
        "tomli": {
            "hashes": [
                "sha256:0408e3de5ec77cc7f81960c362543cbbd91ef883e3138e81b729fc3eea5b9729",
                "sha256:0dc56fef0e2c1c470aeac5b6ca8cc7b640bb93e92d9803ddaf9ea03e198f5b0b",
                "sha256:0e0fe8a0b8312acf3a88077a0802565cb09ee34107813bba1c7cd591fa6cfc8d",
                "sha256:0f2e3955efea4d1cfbcb87bc321e00dc08d2bcb737fd1d5e398af111d86db5df",
                "sha256:133e93646ec4300d651839d382d63edff11d8978be23da4cc106f5a18b7d0576",
                "sha256:1b168f2731796b045128c45982d3a4874057626da0e2ef1fdd722848b741361d",
                "sha256:1c8a885b370751837c029ef9bc014f27d80840e48bac415f3412e6593bbc18c1",
                "sha256:1f776e7d669ebceb01dee46484485f43a4048746235e683bcdffacdf1fb4785a",
                "sha256:1fb2945cbe303b1419e2706e711b7113da57b7db31ee378d08712d678a34e51e",
                "sha256:20cedb4ee43278bc4f2fee6cb50daec836959aadaf948db5172e776dd3d993fc",
                "sha256:20ffd184fb1df76a66e34bd1b36b4a4641bd2b82954befa32fe8163e79f1a702",
                "sha256:26ab906a1eb794cd4e103691daa23d95c6919cc2fa9160000ac02370cc9dd3f6",
                "sha256:2add28aacc7425117ff6364fe9e06a183bb0251b03f986df0e78e974047571fd",
                "sha256:2b1e3b80e1d5e52e40e9b924ec43d81570f0e7d09d11081b797bc4692765a3d4",
                "sha256:31d556d079d72db7c584c0627ff3a24c5d3fb4f730221d3444f3efb1b2514776",
                "sha256:36b9d05b51e65b254ea6c2585b59d2c4cb91c8a3d91d0ed0f17591a29aaea54a",
                "sha256:39b0b5d1b6dd03684b3fb276407ebed7090bbec989fa55838c98560c01113b66",
                "sha256:3cf226acb51d8f1c394c1b310e0e0e61fecdd7adcb78d01e294ac297dd2e7f87",
                "sha256:3d895d56bd3f82ddd6faaff993c275efc2ff38e52322ea264122d72729dca2b2",
                "sha256:413540dce94673591859c4c6f794dfeaa845e98bf35d72ed59636f869ef9f86f",
                "sha256:43e685b9b2341681907759cf3a04e14d7104b3580f808cfde1dfdb60ada85475",
                "sha256:4cbcb367d44a1f0c2be408758b43e1ffb5308abe0ea222897d6bfc8e8281ef2f",
                "sha256:551e321c6ba03b55676970b47cb1b73f14a0a4dce6a3e1a9458fd6d921d72e95",
                "sha256:5572e41282d5268eb09a697c89a7bee84fae66511f87533a6f88bd2f7b652da9",
                "sha256:5aa48d7c2356055feef06a43611fc401a07337d5b006be13a30f6c58f869e3c3",
                "sha256:5b5807f3999fb66776dbce568cc9a828544244a8eb84b84b9bafc080c99597b9",
                "sha256:5e3f639a7a8f10069d0e15408c0b96a2a828cfdec6fca05296ebcdcc28ca7c76",
                "sha256:685306e2cc7da35be4ee914fd34ab801a6acacb061b6a7abca922aaf9ad368da",
                "sha256:75c2f8bbddf170e8effc98f5e9084a8751f8174ea6ccf4fca5398436e0320bc8",
                "sha256:7b438885858efd5be02a9a133caf5812b8776ee0c969fea02c45e8e3f296ba51",
                "sha256:7d49c66a7d5e56ac959cb6fc583aff0651094ec071ba9ad43df785abc2320d86",
                "sha256:7d6d9a4aee98fac3eab4952ad1d73aee87359452d1c086b5ceb43ed02ddb16b8",
                "sha256:84d081fbc252d1b6a982e1870660e7330fb8f90f676f6e78b052ad4e64714bf0",
                "sha256:8768715ffc41f0008abe25d808c20c3d990f42b6e2e58305d5da280ae7d1fa3b",
                "sha256:920b1de295e72887bafa3ad9f7a792f811847d57ea6b1215154030cf131f16b1",
                "sha256:9a08144fa4cba33db5255f9b74f0b89888622109bd2776148f2597447f92a94e",
                "sha256:a26d7ff68dfdb9f87a016ecfd1e1c2bacbe3108f4e0f8bcd2228ef9a766c787d",
                "sha256:aa89c3f6c277dd275d8e243ad24f3b5e701491a860d5121f2cdd399fbb31fc9c",
                "sha256:b5ef256a3fd497d4973c11bf142e9ed78b150d36f5773f1ca6088c230ffc5867",
                "sha256:b6c78bdf37764092d369722d9946cb65b8767bfa4110f902a1b2542d8d173c8a",
                "sha256:bbb1b10aa643d973366dc2cb1ad94f99c1726a02343d43cbc011edbfac579e7c",
                "sha256:c084ad935abe686bd9c898e62a02a19abfc9760b5a79bc29644463eaf2840cb0",
                "sha256:c73add4bb52a206fd0c0723432db123c0c75c280cbd67174dd9d2db228ebb1b4",
                "sha256:cae9c19ed12d4e8f3ebf46d1a75090e4c0dc16271c5bce1c833ac168f08fb614",
                "sha256:d20b797a5c1ad80c516e41bc1fb0443ddb5006e9aaa7bda2d71978346aeb9132",
                "sha256:d3d1654e11d724760cdb37a3d7691f0be9db5fbdaef59c9f532aabf87006dbaa",
                "sha256:d878f2a6707cc9d53a1be1414bbb419e629c3d6e67f69230217bb663e76b5087"
            ],
            "markers": "python_version < '3.11'",
            "version": "==2.4.0"
        },
        "typing-extensions": {
            "hashes": [
                "sha256:0cea48d173cc12fa28ecabc3b837ea3cf6f38c6d1136f85cbaaf598984861466",
                "sha256:f0fa19c6845758ab08074a0cfa8b7aecb71c999ca73d62883bc25cc018c4e548"
            ],
            "markers": "python_version < '3.11'",
            "version": "==4.15.0"
        },
        "tzdata": {
            "hashes": [
                "sha256:06a47e5700f3081aab02b2e513160914ff0694bce9947d6b76ebd6bf57cfc5d1",
                "sha256:de39c2ca5dc7b0344f2eba86f49d614019d29f060fc4ebc8a417896a620b56a7"
            ],
            "markers": "sys_platform == 'win32'",
            "version": "==2025.3"
        }
    }
}
