{
    "_meta": {
        "hash": {
            "sha256": "56e2cd60ab7bf30ad19da0c77903e331580304d3332529c4696171aab0f0b124"
        },
        "pipfile-spec": 6,
        "requires": {
            "python_version": "3.9"
        },
        "sources": [
            {
                "name": "pypi",
                "url": "https://pypi.org/simple",
                "verify_ssl": true
            }
        ]
    },
    "default": {
        "asgiref": {
            "hashes": [
                "sha256:3e1e3ecc849832fe52ccf2cb6686b7a55f82bb1d6aee72a58826471390335e47",
                "sha256:c343bd80a0bec947a9860adb4c432ffa7db769836c64238fc34bdc3fec84d590"
            ],
            "markers": "python_version >= '3.8'",
            "version": "==3.8.1"
        },
        "async-timeout": {
            "hashes": [
                "sha256:39e3809566ff85354557ec2398b55e096c8364bacac9405a7a1fa429e77fe76c",
                "sha256:d9321a7a3d5a6a5e187e824d2fa0793ce379a202935782d555d6e9d2735677d3"
            ],
            "markers": "python_full_version < '3.11.3'",
            "version": "==5.0.1"
        },
        "django": {
            "hashes": [
                "sha256:213381b6e4405f5c8703fffc29cd719efdf189dec60c67c04f76272b3dc845b9",
                "sha256:92bac5b4432a64532abb73b2ac27203f485e40225d2640a7fbef2b62b876e789"
            ],
            "index": "pypi",
            "markers": "python_version >= '3.8'",
            "version": "==4.2.20"
        },
        "django-tenants": {
            "hashes": [
                "sha256:3836a2bae2c88504889a3226525930dfac8d3621f577cefdfde03db8115e88ac"
            ],
            "index": "pypi",
            "version": "==3.7.0"
        },
        "redis": {
            "hashes": [
                "sha256:16f2e22dff21d5125e8481515e386711a34cbec50f0e44413dd7d9c060a54e0f",
                "sha256:ee7e1056b9aea0f04c6c2ed59452947f34c4940ee025f5dd83e6a6418b6989e4"
            ],
            "index": "pypi",
            "markers": "python_version >= '3.8'",
            "version": "==5.2.1"
        },
        "sqlparse": {
            "hashes": [
                "sha256:09f67787f56a0b16ecdbde1bfc7f5d9c3371ca683cfeaa8e6ff60b4807ec9272",
                "sha256:cf2196ed3418f3ba5de6af7e82c694a9fbdbfecccdfc72e281548517081f16ca"
            ],
            "markers": "python_version >= '3.8'",
            "version": "==0.5.3"
        },
        "typing-extensions": {
            "hashes": [
                "sha256:04e5ca0351e0f3f85c6853954072df659d0d13fac324d0072316b67d7794700d",
                "sha256:1a7ead55c7e559dd4dee8856e3a88b41225abfe1ce8df57b7c13915fe121ffb8"
            ],
            "markers": "python_version < '3.11'",
            "version": "==4.12.2"
        },
        "tzdata": {
            "hashes": [
                "sha256:24894909e88cdb28bd1636c6887801df64cb485bd593f2fd83ef29075a81d694",
                "sha256:7e127113816800496f027041c570f50bcd464a020098a3b6b199517772303639"
            ],
            "markers": "sys_platform == 'win32'",
            "version": "==2025.1"
        }
    },
    "develop": {}
}
